// !$*UTF8*$!
{
	archiveVersion = 1;
	classes = {
	};
	objectVersion = 46;
	objects = {

/* Begin PBXBuildFile section */
		DA0111DD1432633B0097DDEF /* UIKit.framework in Frameworks */ = {isa = PBXBuildFile; fileRef = DA0111DC1432633B0097DDEF /* UIKit.framework */; };
		DA27878E14365FF900FA5C8C /* UIKit.framework in Frameworks */ = {isa = PBXBuildFile; fileRef = DA27878D14365FF900FA5C8C /* UIKit.framework */; };
		DA2787911436602A00FA5C8C /* CoreGraphics.framework in Frameworks */ = {isa = PBXBuildFile; fileRef = DA2787901436602A00FA5C8C /* CoreGraphics.framework */; };
		DA5079ED142D2E2100E6AF2E /* AFHTTPClient.m in Sources */ = {isa = PBXBuildFile; fileRef = DAAF5E63142D0C4F00878D16 /* AFHTTPClient.m */; };
		DA5079EF142D2E2400E6AF2E /* AFHTTPRequestOperation.m in Sources */ = {isa = PBXBuildFile; fileRef = DAAF5E65142D0C4F00878D16 /* AFHTTPRequestOperation.m */; };
		DA5079F0142D2E2600E6AF2E /* AFImageCache.m in Sources */ = {isa = PBXBuildFile; fileRef = DAAF5E67142D0C4F00878D16 /* AFImageCache.m */; };
		DA5079F1142D2E2800E6AF2E /* AFImageRequestOperation.m in Sources */ = {isa = PBXBuildFile; fileRef = DAAF5E69142D0C4F00878D16 /* AFImageRequestOperation.m */; };
		DA5079F2142D2E2B00E6AF2E /* AFJSONRequestOperation.m in Sources */ = {isa = PBXBuildFile; fileRef = DAAF5E6B142D0C4F00878D16 /* AFJSONRequestOperation.m */; };
		DA5079F3142D2E2E00E6AF2E /* AFNetworkActivityIndicatorManager.m in Sources */ = {isa = PBXBuildFile; fileRef = DAAF5E6D142D0C4F00878D16 /* AFNetworkActivityIndicatorManager.m */; };
		DA5079F4142D2E3000E6AF2E /* UIImageView+AFNetworking.m in Sources */ = {isa = PBXBuildFile; fileRef = DAAF5E6F142D0C4F00878D16 /* UIImageView+AFNetworking.m */; };
		DA5079F5142D2E3300E6AF2E /* JSONKit.m in Sources */ = {isa = PBXBuildFile; fileRef = DAAF5E8F142D24B800878D16 /* JSONKit.m */; };
		DAAF5E39142D0C1A00878D16 /* Foundation.framework in Frameworks */ = {isa = PBXBuildFile; fileRef = DAAF5E38142D0C1A00878D16 /* Foundation.framework */; };
		DAAF5E70142D0C4F00878D16 /* AFHTTPClient.h in Headers */ = {isa = PBXBuildFile; fileRef = DAAF5E62142D0C4F00878D16 /* AFHTTPClient.h */; settings = {ATTRIBUTES = (Public, ); }; };
		DAAF5E71142D0C4F00878D16 /* AFHTTPClient.m in Sources */ = {isa = PBXBuildFile; fileRef = DAAF5E63142D0C4F00878D16 /* AFHTTPClient.m */; };
		DAAF5E72142D0C4F00878D16 /* AFHTTPRequestOperation.h in Headers */ = {isa = PBXBuildFile; fileRef = DAAF5E64142D0C4F00878D16 /* AFHTTPRequestOperation.h */; settings = {ATTRIBUTES = (Public, ); }; };
		DAAF5E73142D0C4F00878D16 /* AFHTTPRequestOperation.m in Sources */ = {isa = PBXBuildFile; fileRef = DAAF5E65142D0C4F00878D16 /* AFHTTPRequestOperation.m */; };
		DAAF5E74142D0C4F00878D16 /* AFImageCache.h in Headers */ = {isa = PBXBuildFile; fileRef = DAAF5E66142D0C4F00878D16 /* AFImageCache.h */; settings = {ATTRIBUTES = (Public, ); }; };
		DAAF5E75142D0C4F00878D16 /* AFImageCache.m in Sources */ = {isa = PBXBuildFile; fileRef = DAAF5E67142D0C4F00878D16 /* AFImageCache.m */; };
		DAAF5E76142D0C4F00878D16 /* AFImageRequestOperation.h in Headers */ = {isa = PBXBuildFile; fileRef = DAAF5E68142D0C4F00878D16 /* AFImageRequestOperation.h */; settings = {ATTRIBUTES = (Public, ); }; };
		DAAF5E77142D0C4F00878D16 /* AFImageRequestOperation.m in Sources */ = {isa = PBXBuildFile; fileRef = DAAF5E69142D0C4F00878D16 /* AFImageRequestOperation.m */; };
		DAAF5E78142D0C4F00878D16 /* AFJSONRequestOperation.h in Headers */ = {isa = PBXBuildFile; fileRef = DAAF5E6A142D0C4F00878D16 /* AFJSONRequestOperation.h */; settings = {ATTRIBUTES = (Public, ); }; };
		DAAF5E79142D0C4F00878D16 /* AFJSONRequestOperation.m in Sources */ = {isa = PBXBuildFile; fileRef = DAAF5E6B142D0C4F00878D16 /* AFJSONRequestOperation.m */; };
		DAAF5E7A142D0C4F00878D16 /* AFNetworkActivityIndicatorManager.h in Headers */ = {isa = PBXBuildFile; fileRef = DAAF5E6C142D0C4F00878D16 /* AFNetworkActivityIndicatorManager.h */; settings = {ATTRIBUTES = (Public, ); }; };
		DAAF5E7B142D0C4F00878D16 /* AFNetworkActivityIndicatorManager.m in Sources */ = {isa = PBXBuildFile; fileRef = DAAF5E6D142D0C4F00878D16 /* AFNetworkActivityIndicatorManager.m */; };
		DAAF5E7C142D0C4F00878D16 /* UIImageView+AFNetworking.h in Headers */ = {isa = PBXBuildFile; fileRef = DAAF5E6E142D0C4F00878D16 /* UIImageView+AFNetworking.h */; settings = {ATTRIBUTES = (Public, ); }; };
		DAAF5E7D142D0C4F00878D16 /* UIImageView+AFNetworking.m in Sources */ = {isa = PBXBuildFile; fileRef = DAAF5E6F142D0C4F00878D16 /* UIImageView+AFNetworking.m */; };
		DAAF5E81142D109300878D16 /* NDService.h in Headers */ = {isa = PBXBuildFile; fileRef = DAAF5E7F142D109300878D16 /* NDService.h */; settings = {ATTRIBUTES = (Public, ); }; };
		DAAF5E82142D109300878D16 /* NDService.m in Sources */ = {isa = PBXBuildFile; fileRef = DAAF5E80142D109300878D16 /* NDService.m */; };
		DAAF5E85142D136C00878D16 /* NDService+Identity.h in Headers */ = {isa = PBXBuildFile; fileRef = DAAF5E83142D136C00878D16 /* NDService+Identity.h */; settings = {ATTRIBUTES = (Public, ); }; };
		DAAF5E86142D136C00878D16 /* NDService+Identity.m in Sources */ = {isa = PBXBuildFile; fileRef = DAAF5E84142D136C00878D16 /* NDService+Identity.m */; };
		DAAF5E90142D24B800878D16 /* JSONKit.h in Headers */ = {isa = PBXBuildFile; fileRef = DAAF5E8E142D24B800878D16 /* JSONKit.h */; settings = {ATTRIBUTES = (Public, ); }; };
		DAAF5E91142D24B800878D16 /* JSONKit.m in Sources */ = {isa = PBXBuildFile; fileRef = DAAF5E8F142D24B800878D16 /* JSONKit.m */; };
		DAAF5E9A142D2CB200878D16 /* Foundation.framework in Frameworks */ = {isa = PBXBuildFile; fileRef = DAAF5E38142D0C1A00878D16 /* Foundation.framework */; };
		DAAF5EA1142D2CB200878D16 /* InfoPlist.strings in Resources */ = {isa = PBXBuildFile; fileRef = DAAF5E9F142D2CB200878D16 /* InfoPlist.strings */; };
		DAAF5EA3142D2CB200878D16 /* main.m in Sources */ = {isa = PBXBuildFile; fileRef = DAAF5EA2142D2CB200878D16 /* main.m */; };
		DAAF5EA7142D2CB200878D16 /* NewDotDebuggingAppDelegate.m in Sources */ = {isa = PBXBuildFile; fileRef = DAAF5EA6142D2CB200878D16 /* NewDotDebuggingAppDelegate.m */; };
		DAAF5EAB142D2CB200878D16 /* NewDotDebuggingAppDelegate_iPhone.m in Sources */ = {isa = PBXBuildFile; fileRef = DAAF5EAA142D2CB200878D16 /* NewDotDebuggingAppDelegate_iPhone.m */; };
		DAAF5EAE142D2CB200878D16 /* MainWindow_iPhone.xib in Resources */ = {isa = PBXBuildFile; fileRef = DAAF5EAC142D2CB200878D16 /* MainWindow_iPhone.xib */; };
		DAAF5EB2142D2CB200878D16 /* NewDotDebuggingAppDelegate_iPad.m in Sources */ = {isa = PBXBuildFile; fileRef = DAAF5EB1142D2CB200878D16 /* NewDotDebuggingAppDelegate_iPad.m */; };
		DAAF5EB5142D2CB200878D16 /* MainWindow_iPad.xib in Resources */ = {isa = PBXBuildFile; fileRef = DAAF5EB3142D2CB200878D16 /* MainWindow_iPad.xib */; };
		DAAF5EB9142D2CBD00878D16 /* DeveloperKeys.plist in Resources */ = {isa = PBXBuildFile; fileRef = DAAF5E8A142D1DCE00878D16 /* DeveloperKeys.plist */; };
		DAAF5EBA142D2CC100878D16 /* TestCredentials.plist in Resources */ = {isa = PBXBuildFile; fileRef = DAAF5E8C142D205A00878D16 /* TestCredentials.plist */; };
		DAAF5EBB142D2D5D00878D16 /* NDService.m in Sources */ = {isa = PBXBuildFile; fileRef = DAAF5E80142D109300878D16 /* NDService.m */; };
		DAAF5EBC142D2D5F00878D16 /* NDService+Identity.m in Sources */ = {isa = PBXBuildFile; fileRef = DAAF5E84142D136C00878D16 /* NDService+Identity.m */; };
		DAB030A91432218900E2A160 /* NSDictionary+Merge.h in Headers */ = {isa = PBXBuildFile; fileRef = DAB030A71432218900E2A160 /* NSDictionary+Merge.h */; settings = {ATTRIBUTES = (Public, ); }; };
		DAB030AA1432218900E2A160 /* NSDictionary+Merge.m in Sources */ = {isa = PBXBuildFile; fileRef = DAB030A81432218900E2A160 /* NSDictionary+Merge.m */; };
		DAB030BE1432291C00E2A160 /* NSDictionary+Merge.m in Sources */ = {isa = PBXBuildFile; fileRef = DAB030A81432218900E2A160 /* NSDictionary+Merge.m */; };
		DAB030C11432314900E2A160 /* NSArray+Chunky.h in Headers */ = {isa = PBXBuildFile; fileRef = DAB030BF1432314900E2A160 /* NSArray+Chunky.h */; settings = {ATTRIBUTES = (Public, ); }; };
		DAB030C21432314900E2A160 /* NSArray+Chunky.m in Sources */ = {isa = PBXBuildFile; fileRef = DAB030C01432314900E2A160 /* NSArray+Chunky.m */; };
		DAB030C31432314900E2A160 /* NSArray+Chunky.m in Sources */ = {isa = PBXBuildFile; fileRef = DAB030C01432314900E2A160 /* NSArray+Chunky.m */; };
		DAE3788F1430D20A00F4003C /* TestIdentity.m in Sources */ = {isa = PBXBuildFile; fileRef = DAE3788E1430D20A00F4003C /* TestIdentity.m */; };
		DAE3789614311AF000F4003C /* NDService+Reservation.h in Headers */ = {isa = PBXBuildFile; fileRef = DAE3789414311AF000F4003C /* NDService+Reservation.h */; settings = {ATTRIBUTES = (Public, ); }; };
		DAE3789714311AF000F4003C /* NDService+Reservation.m in Sources */ = {isa = PBXBuildFile; fileRef = DAE3789514311AF000F4003C /* NDService+Reservation.m */; };
		DAE3789814311AF000F4003C /* NDService+Reservation.m in Sources */ = {isa = PBXBuildFile; fileRef = DAE3789514311AF000F4003C /* NDService+Reservation.m */; };
		DAE3789B1431237400F4003C /* TestReservation.m in Sources */ = {isa = PBXBuildFile; fileRef = DAE3789A1431237400F4003C /* TestReservation.m */; };
		DAE3789E1431238600F4003C /* Harness.m in Sources */ = {isa = PBXBuildFile; fileRef = DAE3789D1431238600F4003C /* Harness.m */; };
		DAE378A11431247700F4003C /* NDService+FamilyTree.h in Headers */ = {isa = PBXBuildFile; fileRef = DAE3789F1431247700F4003C /* NDService+FamilyTree.h */; settings = {ATTRIBUTES = (Public, ); }; };
		DAE378A21431247700F4003C /* NDService+FamilyTree.m in Sources */ = {isa = PBXBuildFile; fileRef = DAE378A01431247700F4003C /* NDService+FamilyTree.m */; };
		DAE378A31431247700F4003C /* NDService+FamilyTree.m in Sources */ = {isa = PBXBuildFile; fileRef = DAE378A01431247700F4003C /* NDService+FamilyTree.m */; };
		DAE378A81431249700F4003C /* TestFamilyTree.m in Sources */ = {isa = PBXBuildFile; fileRef = DAE378A51431249700F4003C /* TestFamilyTree.m */; };
/* End PBXBuildFile section */

/* Begin PBXFileReference section */
		DA0111DC1432633B0097DDEF /* UIKit.framework */ = {isa = PBXFileReference; lastKnownFileType = wrapper.framework; name = UIKit.framework; path = System/Library/Frameworks/UIKit.framework; sourceTree = SDKROOT; };
		DA27878D14365FF900FA5C8C /* UIKit.framework */ = {isa = PBXFileReference; lastKnownFileType = wrapper.framework; name = UIKit.framework; path = System/Library/Frameworks/UIKit.framework; sourceTree = SDKROOT; };
		DA2787901436602A00FA5C8C /* CoreGraphics.framework */ = {isa = PBXFileReference; lastKnownFileType = wrapper.framework; name = CoreGraphics.framework; path = System/Library/Frameworks/CoreGraphics.framework; sourceTree = SDKROOT; };
		DAAF5E35142D0C1A00878D16 /* libNewDot.a */ = {isa = PBXFileReference; explicitFileType = archive.ar; includeInIndex = 0; path = libNewDot.a; sourceTree = BUILT_PRODUCTS_DIR; };
		DAAF5E38142D0C1A00878D16 /* Foundation.framework */ = {isa = PBXFileReference; lastKnownFileType = wrapper.framework; name = Foundation.framework; path = System/Library/Frameworks/Foundation.framework; sourceTree = SDKROOT; };
		DAAF5E3C142D0C1A00878D16 /* NewDot-Prefix.pch */ = {isa = PBXFileReference; lastKnownFileType = sourcecode.c.h; path = "NewDot-Prefix.pch"; sourceTree = "<group>"; };
		DAAF5E46142D0C1A00878D16 /* SenTestingKit.framework */ = {isa = PBXFileReference; lastKnownFileType = wrapper.framework; name = SenTestingKit.framework; path = Library/Frameworks/SenTestingKit.framework; sourceTree = DEVELOPER_DIR; };
		DAAF5E52142D0C1A00878D16 /* NewDotTests-Info.plist */ = {isa = PBXFileReference; lastKnownFileType = text.plist.xml; path = "NewDotTests-Info.plist"; sourceTree = "<group>"; };
		DAAF5E54142D0C1A00878D16 /* en */ = {isa = PBXFileReference; lastKnownFileType = text.plist.strings; name = en; path = en.lproj/InfoPlist.strings; sourceTree = "<group>"; };
		DAAF5E62142D0C4F00878D16 /* AFHTTPClient.h */ = {isa = PBXFileReference; fileEncoding = 4; lastKnownFileType = sourcecode.c.h; name = AFHTTPClient.h; path = vendor/AFNetworking/AFNetworking/AFHTTPClient.h; sourceTree = "<group>"; };
		DAAF5E63142D0C4F00878D16 /* AFHTTPClient.m */ = {isa = PBXFileReference; fileEncoding = 4; lastKnownFileType = sourcecode.c.objc; name = AFHTTPClient.m; path = vendor/AFNetworking/AFNetworking/AFHTTPClient.m; sourceTree = "<group>"; };
		DAAF5E64142D0C4F00878D16 /* AFHTTPRequestOperation.h */ = {isa = PBXFileReference; fileEncoding = 4; lastKnownFileType = sourcecode.c.h; name = AFHTTPRequestOperation.h; path = vendor/AFNetworking/AFNetworking/AFHTTPRequestOperation.h; sourceTree = "<group>"; };
		DAAF5E65142D0C4F00878D16 /* AFHTTPRequestOperation.m */ = {isa = PBXFileReference; fileEncoding = 4; lastKnownFileType = sourcecode.c.objc; name = AFHTTPRequestOperation.m; path = vendor/AFNetworking/AFNetworking/AFHTTPRequestOperation.m; sourceTree = "<group>"; };
		DAAF5E66142D0C4F00878D16 /* AFImageCache.h */ = {isa = PBXFileReference; fileEncoding = 4; lastKnownFileType = sourcecode.c.h; name = AFImageCache.h; path = vendor/AFNetworking/AFNetworking/AFImageCache.h; sourceTree = "<group>"; };
		DAAF5E67142D0C4F00878D16 /* AFImageCache.m */ = {isa = PBXFileReference; fileEncoding = 4; lastKnownFileType = sourcecode.c.objc; name = AFImageCache.m; path = vendor/AFNetworking/AFNetworking/AFImageCache.m; sourceTree = "<group>"; };
		DAAF5E68142D0C4F00878D16 /* AFImageRequestOperation.h */ = {isa = PBXFileReference; fileEncoding = 4; lastKnownFileType = sourcecode.c.h; name = AFImageRequestOperation.h; path = vendor/AFNetworking/AFNetworking/AFImageRequestOperation.h; sourceTree = "<group>"; };
		DAAF5E69142D0C4F00878D16 /* AFImageRequestOperation.m */ = {isa = PBXFileReference; fileEncoding = 4; lastKnownFileType = sourcecode.c.objc; name = AFImageRequestOperation.m; path = vendor/AFNetworking/AFNetworking/AFImageRequestOperation.m; sourceTree = "<group>"; };
		DAAF5E6A142D0C4F00878D16 /* AFJSONRequestOperation.h */ = {isa = PBXFileReference; fileEncoding = 4; lastKnownFileType = sourcecode.c.h; name = AFJSONRequestOperation.h; path = vendor/AFNetworking/AFNetworking/AFJSONRequestOperation.h; sourceTree = "<group>"; };
		DAAF5E6B142D0C4F00878D16 /* AFJSONRequestOperation.m */ = {isa = PBXFileReference; fileEncoding = 4; lastKnownFileType = sourcecode.c.objc; name = AFJSONRequestOperation.m; path = vendor/AFNetworking/AFNetworking/AFJSONRequestOperation.m; sourceTree = "<group>"; };
		DAAF5E6C142D0C4F00878D16 /* AFNetworkActivityIndicatorManager.h */ = {isa = PBXFileReference; fileEncoding = 4; lastKnownFileType = sourcecode.c.h; name = AFNetworkActivityIndicatorManager.h; path = vendor/AFNetworking/AFNetworking/AFNetworkActivityIndicatorManager.h; sourceTree = "<group>"; };
		DAAF5E6D142D0C4F00878D16 /* AFNetworkActivityIndicatorManager.m */ = {isa = PBXFileReference; fileEncoding = 4; lastKnownFileType = sourcecode.c.objc; name = AFNetworkActivityIndicatorManager.m; path = vendor/AFNetworking/AFNetworking/AFNetworkActivityIndicatorManager.m; sourceTree = "<group>"; };
		DAAF5E6E142D0C4F00878D16 /* UIImageView+AFNetworking.h */ = {isa = PBXFileReference; fileEncoding = 4; lastKnownFileType = sourcecode.c.h; name = "UIImageView+AFNetworking.h"; path = "vendor/AFNetworking/AFNetworking/UIImageView+AFNetworking.h"; sourceTree = "<group>"; };
		DAAF5E6F142D0C4F00878D16 /* UIImageView+AFNetworking.m */ = {isa = PBXFileReference; fileEncoding = 4; lastKnownFileType = sourcecode.c.objc; name = "UIImageView+AFNetworking.m"; path = "vendor/AFNetworking/AFNetworking/UIImageView+AFNetworking.m"; sourceTree = "<group>"; };
		DAAF5E7F142D109300878D16 /* NDService.h */ = {isa = PBXFileReference; fileEncoding = 4; lastKnownFileType = sourcecode.c.h; path = NDService.h; sourceTree = "<group>"; };
		DAAF5E80142D109300878D16 /* NDService.m */ = {isa = PBXFileReference; fileEncoding = 4; lastKnownFileType = sourcecode.c.objc; path = NDService.m; sourceTree = "<group>"; };
		DAAF5E83142D136C00878D16 /* NDService+Identity.h */ = {isa = PBXFileReference; fileEncoding = 4; lastKnownFileType = sourcecode.c.h; path = "NDService+Identity.h"; sourceTree = "<group>"; };
		DAAF5E84142D136C00878D16 /* NDService+Identity.m */ = {isa = PBXFileReference; fileEncoding = 4; lastKnownFileType = sourcecode.c.objc; path = "NDService+Identity.m"; sourceTree = "<group>"; };
		DAAF5E8A142D1DCE00878D16 /* DeveloperKeys.plist */ = {isa = PBXFileReference; fileEncoding = 4; lastKnownFileType = text.plist.xml; path = DeveloperKeys.plist; sourceTree = SOURCE_ROOT; };
		DAAF5E8C142D205A00878D16 /* TestCredentials.plist */ = {isa = PBXFileReference; fileEncoding = 4; lastKnownFileType = text.plist.xml; name = TestCredentials.plist; path = ../NewDotTests/TestCredentials.plist; sourceTree = "<group>"; };
		DAAF5E8E142D24B800878D16 /* JSONKit.h */ = {isa = PBXFileReference; fileEncoding = 4; lastKnownFileType = sourcecode.c.h; name = JSONKit.h; path = vendor/JSONKit/JSONKit.h; sourceTree = "<group>"; };
		DAAF5E8F142D24B800878D16 /* JSONKit.m */ = {isa = PBXFileReference; fileEncoding = 4; lastKnownFileType = sourcecode.c.objc; name = JSONKit.m; path = vendor/JSONKit/JSONKit.m; sourceTree = "<group>"; };
		DAAF5E97142D2CB200878D16 /* NewDotDebugging.app */ = {isa = PBXFileReference; explicitFileType = wrapper.application; includeInIndex = 0; path = NewDotDebugging.app; sourceTree = BUILT_PRODUCTS_DIR; };
		DAAF5E9E142D2CB200878D16 /* NewDotDebugging-Info.plist */ = {isa = PBXFileReference; lastKnownFileType = text.plist.xml; path = "NewDotDebugging-Info.plist"; sourceTree = "<group>"; };
		DAAF5EA0142D2CB200878D16 /* en */ = {isa = PBXFileReference; lastKnownFileType = text.plist.strings; name = en; path = en.lproj/InfoPlist.strings; sourceTree = "<group>"; };
		DAAF5EA2142D2CB200878D16 /* main.m */ = {isa = PBXFileReference; lastKnownFileType = sourcecode.c.objc; path = main.m; sourceTree = "<group>"; };
		DAAF5EA4142D2CB200878D16 /* NewDotDebugging-Prefix.pch */ = {isa = PBXFileReference; lastKnownFileType = sourcecode.c.h; path = "NewDotDebugging-Prefix.pch"; sourceTree = "<group>"; };
		DAAF5EA5142D2CB200878D16 /* NewDotDebuggingAppDelegate.h */ = {isa = PBXFileReference; lastKnownFileType = sourcecode.c.h; path = NewDotDebuggingAppDelegate.h; sourceTree = "<group>"; };
		DAAF5EA6142D2CB200878D16 /* NewDotDebuggingAppDelegate.m */ = {isa = PBXFileReference; lastKnownFileType = sourcecode.c.objc; path = NewDotDebuggingAppDelegate.m; sourceTree = "<group>"; };
		DAAF5EA9142D2CB200878D16 /* NewDotDebuggingAppDelegate_iPhone.h */ = {isa = PBXFileReference; lastKnownFileType = sourcecode.c.h; name = NewDotDebuggingAppDelegate_iPhone.h; path = iPhone/NewDotDebuggingAppDelegate_iPhone.h; sourceTree = "<group>"; };
		DAAF5EAA142D2CB200878D16 /* NewDotDebuggingAppDelegate_iPhone.m */ = {isa = PBXFileReference; lastKnownFileType = sourcecode.c.objc; name = NewDotDebuggingAppDelegate_iPhone.m; path = iPhone/NewDotDebuggingAppDelegate_iPhone.m; sourceTree = "<group>"; };
		DAAF5EAD142D2CB200878D16 /* en */ = {isa = PBXFileReference; lastKnownFileType = file.xib; name = en; path = iPhone/en.lproj/MainWindow_iPhone.xib; sourceTree = "<group>"; };
		DAAF5EB0142D2CB200878D16 /* NewDotDebuggingAppDelegate_iPad.h */ = {isa = PBXFileReference; lastKnownFileType = sourcecode.c.h; name = NewDotDebuggingAppDelegate_iPad.h; path = iPad/NewDotDebuggingAppDelegate_iPad.h; sourceTree = "<group>"; };
		DAAF5EB1142D2CB200878D16 /* NewDotDebuggingAppDelegate_iPad.m */ = {isa = PBXFileReference; lastKnownFileType = sourcecode.c.objc; name = NewDotDebuggingAppDelegate_iPad.m; path = iPad/NewDotDebuggingAppDelegate_iPad.m; sourceTree = "<group>"; };
		DAAF5EB4142D2CB200878D16 /* en */ = {isa = PBXFileReference; lastKnownFileType = file.xib; name = en; path = iPad/en.lproj/MainWindow_iPad.xib; sourceTree = "<group>"; };
		DAB030A71432218900E2A160 /* NSDictionary+Merge.h */ = {isa = PBXFileReference; fileEncoding = 4; lastKnownFileType = sourcecode.c.h; path = "NSDictionary+Merge.h"; sourceTree = "<group>"; };
		DAB030A81432218900E2A160 /* NSDictionary+Merge.m */ = {isa = PBXFileReference; fileEncoding = 4; lastKnownFileType = sourcecode.c.objc; path = "NSDictionary+Merge.m"; sourceTree = "<group>"; };
		DAB030BF1432314900E2A160 /* NSArray+Chunky.h */ = {isa = PBXFileReference; fileEncoding = 4; lastKnownFileType = sourcecode.c.h; path = "NSArray+Chunky.h"; sourceTree = "<group>"; };
		DAB030C01432314900E2A160 /* NSArray+Chunky.m */ = {isa = PBXFileReference; fileEncoding = 4; lastKnownFileType = sourcecode.c.objc; path = "NSArray+Chunky.m"; sourceTree = "<group>"; };
		DAE3788D1430D20A00F4003C /* TestIdentity.h */ = {isa = PBXFileReference; fileEncoding = 4; lastKnownFileType = sourcecode.c.h; path = TestIdentity.h; sourceTree = "<group>"; };
		DAE3788E1430D20A00F4003C /* TestIdentity.m */ = {isa = PBXFileReference; fileEncoding = 4; lastKnownFileType = sourcecode.c.objc; path = TestIdentity.m; sourceTree = "<group>"; };
		DAE3789414311AF000F4003C /* NDService+Reservation.h */ = {isa = PBXFileReference; fileEncoding = 4; lastKnownFileType = sourcecode.c.h; path = "NDService+Reservation.h"; sourceTree = "<group>"; };
		DAE3789514311AF000F4003C /* NDService+Reservation.m */ = {isa = PBXFileReference; fileEncoding = 4; lastKnownFileType = sourcecode.c.objc; path = "NDService+Reservation.m"; sourceTree = "<group>"; };
		DAE378991431237400F4003C /* TestReservation.h */ = {isa = PBXFileReference; fileEncoding = 4; lastKnownFileType = sourcecode.c.h; path = TestReservation.h; sourceTree = "<group>"; };
		DAE3789A1431237400F4003C /* TestReservation.m */ = {isa = PBXFileReference; fileEncoding = 4; lastKnownFileType = sourcecode.c.objc; path = TestReservation.m; sourceTree = "<group>"; };
		DAE3789C1431238600F4003C /* Harness.h */ = {isa = PBXFileReference; fileEncoding = 4; lastKnownFileType = sourcecode.c.h; path = Harness.h; sourceTree = "<group>"; };
		DAE3789D1431238600F4003C /* Harness.m */ = {isa = PBXFileReference; fileEncoding = 4; lastKnownFileType = sourcecode.c.objc; path = Harness.m; sourceTree = "<group>"; };
		DAE3789F1431247700F4003C /* NDService+FamilyTree.h */ = {isa = PBXFileReference; fileEncoding = 4; lastKnownFileType = sourcecode.c.h; path = "NDService+FamilyTree.h"; sourceTree = "<group>"; };
		DAE378A01431247700F4003C /* NDService+FamilyTree.m */ = {isa = PBXFileReference; fileEncoding = 4; lastKnownFileType = sourcecode.c.objc; path = "NDService+FamilyTree.m"; sourceTree = "<group>"; };
		DAE378A41431249600F4003C /* TestFamilyTree.h */ = {isa = PBXFileReference; fileEncoding = 4; lastKnownFileType = sourcecode.c.h; path = TestFamilyTree.h; sourceTree = "<group>"; };
		DAE378A51431249700F4003C /* TestFamilyTree.m */ = {isa = PBXFileReference; fileEncoding = 4; lastKnownFileType = sourcecode.c.objc; path = TestFamilyTree.m; sourceTree = "<group>"; };
/* End PBXFileReference section */

/* Begin PBXFrameworksBuildPhase section */
		DAAF5E32142D0C1A00878D16 /* Frameworks */ = {
			isa = PBXFrameworksBuildPhase;
			buildActionMask = 2147483647;
			files = (
				DA0111DD1432633B0097DDEF /* UIKit.framework in Frameworks */,
				DAAF5E39142D0C1A00878D16 /* Foundation.framework in Frameworks */,
			);
			runOnlyForDeploymentPostprocessing = 0;
		};
		DAAF5E94142D2CB200878D16 /* Frameworks */ = {
			isa = PBXFrameworksBuildPhase;
			buildActionMask = 2147483647;
			files = (
				DA2787911436602A00FA5C8C /* CoreGraphics.framework in Frameworks */,
				DA27878E14365FF900FA5C8C /* UIKit.framework in Frameworks */,
				DAAF5E9A142D2CB200878D16 /* Foundation.framework in Frameworks */,
			);
			runOnlyForDeploymentPostprocessing = 0;
		};
/* End PBXFrameworksBuildPhase section */

/* Begin PBXGroup section */
		DAAF5E2A142D0C1A00878D16 = {
			isa = PBXGroup;
			children = (
				DAAF5E3A142D0C1A00878D16 /* NewDot */,
				DAAF5E50142D0C1A00878D16 /* NewDotTests */,
				DAAF5E7E142D0C5300878D16 /* AFNetworking */,
				DAAF5E92142D24BD00878D16 /* JSONKit */,
				DAAF5E9C142D2CB200878D16 /* NewDotDebugging */,
				DAAF5E37142D0C1A00878D16 /* Frameworks */,
				DAAF5E36142D0C1A00878D16 /* Products */,
			);
			sourceTree = "<group>";
		};
		DAAF5E36142D0C1A00878D16 /* Products */ = {
			isa = PBXGroup;
			children = (
				DAAF5E35142D0C1A00878D16 /* libNewDot.a */,
				DAAF5E97142D2CB200878D16 /* NewDotDebugging.app */,
			);
			name = Products;
			sourceTree = "<group>";
		};
		DAAF5E37142D0C1A00878D16 /* Frameworks */ = {
			isa = PBXGroup;
			children = (
				DAAF5E38142D0C1A00878D16 /* Foundation.framework */,
				DAAF5E46142D0C1A00878D16 /* SenTestingKit.framework */,
				DA2787901436602A00FA5C8C /* CoreGraphics.framework */,
				DA27878D14365FF900FA5C8C /* UIKit.framework */,
				DA0111DC1432633B0097DDEF /* UIKit.framework */,
			);
			name = Frameworks;
			sourceTree = "<group>";
		};
		DAAF5E3A142D0C1A00878D16 /* NewDot */ = {
			isa = PBXGroup;
			children = (
				DAAF5E7F142D109300878D16 /* NDService.h */,
				DAAF5E80142D109300878D16 /* NDService.m */,
				DAAF5E83142D136C00878D16 /* NDService+Identity.h */,
				DAAF5E84142D136C00878D16 /* NDService+Identity.m */,
				DAE3789F1431247700F4003C /* NDService+FamilyTree.h */,
				DAE378A01431247700F4003C /* NDService+FamilyTree.m */,
				DAE3789414311AF000F4003C /* NDService+Reservation.h */,
				DAE3789514311AF000F4003C /* NDService+Reservation.m */,
				DAB030BD143226BF00E2A160 /* Categories */,
				DAAF5E3B142D0C1A00878D16 /* Supporting Files */,
			);
			path = NewDot;
			sourceTree = "<group>";
		};
		DAAF5E3B142D0C1A00878D16 /* Supporting Files */ = {
			isa = PBXGroup;
			children = (
				DAAF5E3C142D0C1A00878D16 /* NewDot-Prefix.pch */,
			);
			name = "Supporting Files";
			sourceTree = "<group>";
		};
		DAAF5E50142D0C1A00878D16 /* NewDotTests */ = {
			isa = PBXGroup;
			children = (
				DAAF5E51142D0C1A00878D16 /* Supporting Files */,
			);
			path = NewDotTests;
			sourceTree = "<group>";
		};
		DAAF5E51142D0C1A00878D16 /* Supporting Files */ = {
			isa = PBXGroup;
			children = (
				DAAF5E52142D0C1A00878D16 /* NewDotTests-Info.plist */,
				DAAF5E53142D0C1A00878D16 /* InfoPlist.strings */,
			);
			name = "Supporting Files";
			sourceTree = "<group>";
		};
		DAAF5E7E142D0C5300878D16 /* AFNetworking */ = {
			isa = PBXGroup;
			children = (
				DAAF5E62142D0C4F00878D16 /* AFHTTPClient.h */,
				DAAF5E63142D0C4F00878D16 /* AFHTTPClient.m */,
				DAAF5E64142D0C4F00878D16 /* AFHTTPRequestOperation.h */,
				DAAF5E65142D0C4F00878D16 /* AFHTTPRequestOperation.m */,
				DAAF5E66142D0C4F00878D16 /* AFImageCache.h */,
				DAAF5E67142D0C4F00878D16 /* AFImageCache.m */,
				DAAF5E68142D0C4F00878D16 /* AFImageRequestOperation.h */,
				DAAF5E69142D0C4F00878D16 /* AFImageRequestOperation.m */,
				DAAF5E6A142D0C4F00878D16 /* AFJSONRequestOperation.h */,
				DAAF5E6B142D0C4F00878D16 /* AFJSONRequestOperation.m */,
				DAAF5E6C142D0C4F00878D16 /* AFNetworkActivityIndicatorManager.h */,
				DAAF5E6D142D0C4F00878D16 /* AFNetworkActivityIndicatorManager.m */,
				DAAF5E6E142D0C4F00878D16 /* UIImageView+AFNetworking.h */,
				DAAF5E6F142D0C4F00878D16 /* UIImageView+AFNetworking.m */,
			);
			name = AFNetworking;
			sourceTree = "<group>";
		};
		DAAF5E92142D24BD00878D16 /* JSONKit */ = {
			isa = PBXGroup;
			children = (
				DAAF5E8E142D24B800878D16 /* JSONKit.h */,
				DAAF5E8F142D24B800878D16 /* JSONKit.m */,
			);
			name = JSONKit;
			sourceTree = "<group>";
		};
		DAAF5E9C142D2CB200878D16 /* NewDotDebugging */ = {
			isa = PBXGroup;
			children = (
				DAAF5EA5142D2CB200878D16 /* NewDotDebuggingAppDelegate.h */,
				DAAF5EA6142D2CB200878D16 /* NewDotDebuggingAppDelegate.m */,
				DAE3789C1431238600F4003C /* Harness.h */,
				DAE3789D1431238600F4003C /* Harness.m */,
				DAE3788D1430D20A00F4003C /* TestIdentity.h */,
				DAE3788E1430D20A00F4003C /* TestIdentity.m */,
				DAE378A41431249600F4003C /* TestFamilyTree.h */,
				DAE378A51431249700F4003C /* TestFamilyTree.m */,
				DAE378991431237400F4003C /* TestReservation.h */,
				DAE3789A1431237400F4003C /* TestReservation.m */,
				DAAF5EA8142D2CB200878D16 /* iPhone */,
				DAAF5EAF142D2CB200878D16 /* iPad */,
				DAAF5E9D142D2CB200878D16 /* Supporting Files */,
			);
			path = NewDotDebugging;
			sourceTree = "<group>";
		};
		DAAF5E9D142D2CB200878D16 /* Supporting Files */ = {
			isa = PBXGroup;
			children = (
				DAAF5E8A142D1DCE00878D16 /* DeveloperKeys.plist */,
				DAAF5E8C142D205A00878D16 /* TestCredentials.plist */,
				DAAF5E9E142D2CB200878D16 /* NewDotDebugging-Info.plist */,
				DAAF5E9F142D2CB200878D16 /* InfoPlist.strings */,
				DAAF5EA2142D2CB200878D16 /* main.m */,
				DAAF5EA4142D2CB200878D16 /* NewDotDebugging-Prefix.pch */,
			);
			name = "Supporting Files";
			sourceTree = "<group>";
		};
		DAAF5EA8142D2CB200878D16 /* iPhone */ = {
			isa = PBXGroup;
			children = (
				DAAF5EA9142D2CB200878D16 /* NewDotDebuggingAppDelegate_iPhone.h */,
				DAAF5EAA142D2CB200878D16 /* NewDotDebuggingAppDelegate_iPhone.m */,
				DAAF5EAC142D2CB200878D16 /* MainWindow_iPhone.xib */,
			);
			name = iPhone;
			sourceTree = "<group>";
		};
		DAAF5EAF142D2CB200878D16 /* iPad */ = {
			isa = PBXGroup;
			children = (
				DAAF5EB0142D2CB200878D16 /* NewDotDebuggingAppDelegate_iPad.h */,
				DAAF5EB1142D2CB200878D16 /* NewDotDebuggingAppDelegate_iPad.m */,
				DAAF5EB3142D2CB200878D16 /* MainWindow_iPad.xib */,
			);
			name = iPad;
			sourceTree = "<group>";
		};
		DAB030BD143226BF00E2A160 /* Categories */ = {
			isa = PBXGroup;
			children = (
				DAB030A71432218900E2A160 /* NSDictionary+Merge.h */,
				DAB030A81432218900E2A160 /* NSDictionary+Merge.m */,
				DAB030BF1432314900E2A160 /* NSArray+Chunky.h */,
				DAB030C01432314900E2A160 /* NSArray+Chunky.m */,
			);
			name = Categories;
			sourceTree = "<group>";
		};
/* End PBXGroup section */

/* Begin PBXHeadersBuildPhase section */
		DAAF5E33142D0C1A00878D16 /* Headers */ = {
			isa = PBXHeadersBuildPhase;
			buildActionMask = 2147483647;
			files = (
				DAAF5E81142D109300878D16 /* NDService.h in Headers */,
				DAAF5E85142D136C00878D16 /* NDService+Identity.h in Headers */,
				DAE378A11431247700F4003C /* NDService+FamilyTree.h in Headers */,
				DAE3789614311AF000F4003C /* NDService+Reservation.h in Headers */,
				DAB030A91432218900E2A160 /* NSDictionary+Merge.h in Headers */,
				DAB030C11432314900E2A160 /* NSArray+Chunky.h in Headers */,
				DAAF5E90142D24B800878D16 /* JSONKit.h in Headers */,
				DAAF5E70142D0C4F00878D16 /* AFHTTPClient.h in Headers */,
				DAAF5E72142D0C4F00878D16 /* AFHTTPRequestOperation.h in Headers */,
				DAAF5E74142D0C4F00878D16 /* AFImageCache.h in Headers */,
				DAAF5E76142D0C4F00878D16 /* AFImageRequestOperation.h in Headers */,
				DAAF5E78142D0C4F00878D16 /* AFJSONRequestOperation.h in Headers */,
				DAAF5E7A142D0C4F00878D16 /* AFNetworkActivityIndicatorManager.h in Headers */,
				DAAF5E7C142D0C4F00878D16 /* UIImageView+AFNetworking.h in Headers */,
			);
			runOnlyForDeploymentPostprocessing = 0;
		};
/* End PBXHeadersBuildPhase section */

/* Begin PBXNativeTarget section */
		DAAF5E34142D0C1A00878D16 /* NewDot */ = {
			isa = PBXNativeTarget;
			buildConfigurationList = DAAF5E5C142D0C1A00878D16 /* Build configuration list for PBXNativeTarget "NewDot" */;
			buildPhases = (
				DAAF5E31142D0C1A00878D16 /* Sources */,
				DAAF5E32142D0C1A00878D16 /* Frameworks */,
				DAAF5E33142D0C1A00878D16 /* Headers */,
			);
			buildRules = (
			);
			dependencies = (
			);
			name = NewDot;
			productName = NewDot;
			productReference = DAAF5E35142D0C1A00878D16 /* libNewDot.a */;
			productType = "com.apple.product-type.library.static";
		};
		DAAF5E96142D2CB200878D16 /* NewDotDebugging */ = {
			isa = PBXNativeTarget;
			buildConfigurationList = DAAF5EB6142D2CB200878D16 /* Build configuration list for PBXNativeTarget "NewDotDebugging" */;
			buildPhases = (
				DAAF5E93142D2CB200878D16 /* Sources */,
				DAAF5E94142D2CB200878D16 /* Frameworks */,
				DAAF5E95142D2CB200878D16 /* Resources */,
			);
			buildRules = (
			);
			dependencies = (
			);
			name = NewDotDebugging;
			productName = NewDotDebugging;
			productReference = DAAF5E97142D2CB200878D16 /* NewDotDebugging.app */;
			productType = "com.apple.product-type.application";
		};
/* End PBXNativeTarget section */

/* Begin PBXProject section */
		DAAF5E2C142D0C1A00878D16 /* Project object */ = {
			isa = PBXProject;
			attributes = {
				ORGANIZATIONNAME = FSDEV;
			};
			buildConfigurationList = DAAF5E2F142D0C1A00878D16 /* Build configuration list for PBXProject "NewDot" */;
			compatibilityVersion = "Xcode 3.2";
			developmentRegion = English;
			hasScannedForEncodings = 0;
			knownRegions = (
				en,
			);
			mainGroup = DAAF5E2A142D0C1A00878D16;
			productRefGroup = DAAF5E36142D0C1A00878D16 /* Products */;
			projectDirPath = "";
			projectRoot = "";
			targets = (
				DAAF5E34142D0C1A00878D16 /* NewDot */,
				DAAF5E96142D2CB200878D16 /* NewDotDebugging */,
			);
		};
/* End PBXProject section */

/* Begin PBXResourcesBuildPhase section */
		DAAF5E95142D2CB200878D16 /* Resources */ = {
			isa = PBXResourcesBuildPhase;
			buildActionMask = 2147483647;
			files = (
				DAAF5EA1142D2CB200878D16 /* InfoPlist.strings in Resources */,
				DAAF5EAE142D2CB200878D16 /* MainWindow_iPhone.xib in Resources */,
				DAAF5EB5142D2CB200878D16 /* MainWindow_iPad.xib in Resources */,
				DAAF5EB9142D2CBD00878D16 /* DeveloperKeys.plist in Resources */,
				DAAF5EBA142D2CC100878D16 /* TestCredentials.plist in Resources */,
			);
			runOnlyForDeploymentPostprocessing = 0;
		};
/* End PBXResourcesBuildPhase section */

/* Begin PBXSourcesBuildPhase section */
		DAAF5E31142D0C1A00878D16 /* Sources */ = {
			isa = PBXSourcesBuildPhase;
			buildActionMask = 2147483647;
			files = (
				DAAF5E71142D0C4F00878D16 /* AFHTTPClient.m in Sources */,
				DAAF5E73142D0C4F00878D16 /* AFHTTPRequestOperation.m in Sources */,
				DAAF5E75142D0C4F00878D16 /* AFImageCache.m in Sources */,
				DAAF5E77142D0C4F00878D16 /* AFImageRequestOperation.m in Sources */,
				DAAF5E79142D0C4F00878D16 /* AFJSONRequestOperation.m in Sources */,
				DAAF5E7B142D0C4F00878D16 /* AFNetworkActivityIndicatorManager.m in Sources */,
				DAAF5E7D142D0C4F00878D16 /* UIImageView+AFNetworking.m in Sources */,
				DAAF5E82142D109300878D16 /* NDService.m in Sources */,
				DAAF5E86142D136C00878D16 /* NDService+Identity.m in Sources */,
				DAAF5E91142D24B800878D16 /* JSONKit.m in Sources */,
				DAE3789714311AF000F4003C /* NDService+Reservation.m in Sources */,
				DAE378A21431247700F4003C /* NDService+FamilyTree.m in Sources */,
				DAB030AA1432218900E2A160 /* NSDictionary+Merge.m in Sources */,
				DAB030C21432314900E2A160 /* NSArray+Chunky.m in Sources */,
			);
			runOnlyForDeploymentPostprocessing = 0;
		};
		DAAF5E93142D2CB200878D16 /* Sources */ = {
			isa = PBXSourcesBuildPhase;
			buildActionMask = 2147483647;
			files = (
				DAAF5EA3142D2CB200878D16 /* main.m in Sources */,
				DAAF5EA7142D2CB200878D16 /* NewDotDebuggingAppDelegate.m in Sources */,
				DAAF5EAB142D2CB200878D16 /* NewDotDebuggingAppDelegate_iPhone.m in Sources */,
				DAAF5EB2142D2CB200878D16 /* NewDotDebuggingAppDelegate_iPad.m in Sources */,
				DAAF5EBB142D2D5D00878D16 /* NDService.m in Sources */,
				DAAF5EBC142D2D5F00878D16 /* NDService+Identity.m in Sources */,
				DA5079ED142D2E2100E6AF2E /* AFHTTPClient.m in Sources */,
				DA5079EF142D2E2400E6AF2E /* AFHTTPRequestOperation.m in Sources */,
				DA5079F0142D2E2600E6AF2E /* AFImageCache.m in Sources */,
				DA5079F1142D2E2800E6AF2E /* AFImageRequestOperation.m in Sources */,
				DA5079F2142D2E2B00E6AF2E /* AFJSONRequestOperation.m in Sources */,
				DA5079F3142D2E2E00E6AF2E /* AFNetworkActivityIndicatorManager.m in Sources */,
				DA5079F4142D2E3000E6AF2E /* UIImageView+AFNetworking.m in Sources */,
				DA5079F5142D2E3300E6AF2E /* JSONKit.m in Sources */,
				DAE3788F1430D20A00F4003C /* TestIdentity.m in Sources */,
				DAE3789814311AF000F4003C /* NDService+Reservation.m in Sources */,
				DAE3789B1431237400F4003C /* TestReservation.m in Sources */,
				DAE3789E1431238600F4003C /* Harness.m in Sources */,
				DAE378A31431247700F4003C /* NDService+FamilyTree.m in Sources */,
				DAE378A81431249700F4003C /* TestFamilyTree.m in Sources */,
				DAB030BE1432291C00E2A160 /* NSDictionary+Merge.m in Sources */,
				DAB030C31432314900E2A160 /* NSArray+Chunky.m in Sources */,
			);
			runOnlyForDeploymentPostprocessing = 0;
		};
/* End PBXSourcesBuildPhase section */

/* Begin PBXVariantGroup section */
		DAAF5E53142D0C1A00878D16 /* InfoPlist.strings */ = {
			isa = PBXVariantGroup;
			children = (
				DAAF5E54142D0C1A00878D16 /* en */,
			);
			name = InfoPlist.strings;
			sourceTree = "<group>";
		};
		DAAF5E9F142D2CB200878D16 /* InfoPlist.strings */ = {
			isa = PBXVariantGroup;
			children = (
				DAAF5EA0142D2CB200878D16 /* en */,
			);
			name = InfoPlist.strings;
			sourceTree = "<group>";
		};
		DAAF5EAC142D2CB200878D16 /* MainWindow_iPhone.xib */ = {
			isa = PBXVariantGroup;
			children = (
				DAAF5EAD142D2CB200878D16 /* en */,
			);
			name = MainWindow_iPhone.xib;
			sourceTree = "<group>";
		};
		DAAF5EB3142D2CB200878D16 /* MainWindow_iPad.xib */ = {
			isa = PBXVariantGroup;
			children = (
				DAAF5EB4142D2CB200878D16 /* en */,
			);
			name = MainWindow_iPad.xib;
			sourceTree = "<group>";
		};
/* End PBXVariantGroup section */

/* Begin XCBuildConfiguration section */
		DAAF5E5A142D0C1A00878D16 /* Debug */ = {
			isa = XCBuildConfiguration;
			buildSettings = {
				ALWAYS_SEARCH_USER_PATHS = NO;
				ARCHS = "$(ARCHS_STANDARD_32_BIT)";
				COPY_PHASE_STRIP = NO;
				GCC_C_LANGUAGE_STANDARD = gnu99;
				GCC_DYNAMIC_NO_PIC = NO;
				GCC_OPTIMIZATION_LEVEL = 0;
				GCC_PREPROCESSOR_DEFINITIONS = (
					"DEBUG=1",
					"$(inherited)",
				);
				GCC_SYMBOLS_PRIVATE_EXTERN = NO;
				GCC_VERSION = com.apple.compilers.llvm.clang.1_0;
				IPHONEOS_DEPLOYMENT_TARGET = 4.3;
				OTHER_LDFLAGS = (
					"-all_load",
					"-ObjC",
				);
				SDKROOT = iphoneos;
			};
			name = Debug;
		};
		DAAF5E5B142D0C1A00878D16 /* Release */ = {
			isa = XCBuildConfiguration;
			buildSettings = {
				ALWAYS_SEARCH_USER_PATHS = NO;
				ARCHS = "$(ARCHS_STANDARD_32_BIT)";
				COPY_PHASE_STRIP = YES;
				GCC_C_LANGUAGE_STANDARD = gnu99;
				GCC_VERSION = com.apple.compilers.llvm.clang.1_0;
				IPHONEOS_DEPLOYMENT_TARGET = 4.3;
				OTHER_LDFLAGS = (
					"-all_load",
					"-ObjC",
				);
				SDKROOT = iphoneos;
				VALIDATE_PRODUCT = YES;
			};
			name = Release;
		};
		DAAF5E5D142D0C1A00878D16 /* Debug */ = {
			isa = XCBuildConfiguration;
			buildSettings = {
				DSTROOT = /tmp/NewDot.dst;
				GCC_PRECOMPILE_PREFIX_HEADER = YES;
				GCC_PREFIX_HEADER = "NewDot/NewDot-Prefix.pch";
				INSTALL_PATH = "$(BUILT_PRODUCTS_DIR)";
				OTHER_LDFLAGS = (
					"-all_load",
					"-ObjC",
				);
				PRODUCT_NAME = "$(TARGET_NAME)";
				PUBLIC_HEADERS_FOLDER_PATH = NewDot;
				SKIP_INSTALL = YES;
			};
			name = Debug;
		};
		DAAF5E5E142D0C1A00878D16 /* Release */ = {
			isa = XCBuildConfiguration;
			buildSettings = {
				DSTROOT = /tmp/NewDot.dst;
				GCC_PRECOMPILE_PREFIX_HEADER = YES;
				GCC_PREFIX_HEADER = "NewDot/NewDot-Prefix.pch";
				INSTALL_PATH = "$(BUILT_PRODUCTS_DIR)";
				OTHER_LDFLAGS = (
					"-all_load",
					"-ObjC",
				);
				PRODUCT_NAME = "$(TARGET_NAME)";
				PUBLIC_HEADERS_FOLDER_PATH = NewDot;
				SKIP_INSTALL = YES;
			};
			name = Release;
		};
		DAAF5EB7142D2CB200878D16 /* Debug */ = {
			isa = XCBuildConfiguration;
			buildSettings = {
				"CODE_SIGN_IDENTITY[sdk=iphoneos*]" = "iPhone Developer";
				FRAMEWORK_SEARCH_PATHS = (
					"$(inherited)",
					"\"$(DEVELOPER_FRAMEWORKS_DIR)\"",
				);
				GCC_PRECOMPILE_PREFIX_HEADER = YES;
				GCC_PREFIX_HEADER = "NewDotDebugging/NewDotDebugging-Prefix.pch";
				GCC_VERSION = com.apple.compilers.llvm.clang.1_0;
				INFOPLIST_FILE = "NewDotDebugging/NewDotDebugging-Info.plist";
				PRODUCT_NAME = "$(TARGET_NAME)";
				TARGETED_DEVICE_FAMILY = "1,2";
				WRAPPER_EXTENSION = app;
			};
			name = Debug;
		};
		DAAF5EB8142D2CB200878D16 /* Release */ = {
			isa = XCBuildConfiguration;
			buildSettings = {
				"CODE_SIGN_IDENTITY[sdk=iphoneos*]" = "iPhone Developer";
				FRAMEWORK_SEARCH_PATHS = (
					"$(inherited)",
					"\"$(DEVELOPER_FRAMEWORKS_DIR)\"",
				);
				GCC_PRECOMPILE_PREFIX_HEADER = YES;
				GCC_PREFIX_HEADER = "NewDotDebugging/NewDotDebugging-Prefix.pch";
				GCC_VERSION = com.apple.compilers.llvm.clang.1_0;
				INFOPLIST_FILE = "NewDotDebugging/NewDotDebugging-Info.plist";
				OTHER_CFLAGS = "-DNS_BLOCK_ASSERTIONS=1";
				PRODUCT_NAME = "$(TARGET_NAME)";
				TARGETED_DEVICE_FAMILY = "1,2";
				WRAPPER_EXTENSION = app;
			};
			name = Release;
		};
/* End XCBuildConfiguration section */

/* Begin XCConfigurationList section */
		DAAF5E2F142D0C1A00878D16 /* Build configuration list for PBXProject "NewDot" */ = {
			isa = XCConfigurationList;
			buildConfigurations = (
				DAAF5E5A142D0C1A00878D16 /* Debug */,
				DAAF5E5B142D0C1A00878D16 /* Release */,
			);
			defaultConfigurationIsVisible = 0;
			defaultConfigurationName = Release;
		};
		DAAF5E5C142D0C1A00878D16 /* Build configuration list for PBXNativeTarget "NewDot" */ = {
			isa = XCConfigurationList;
			buildConfigurations = (
				DAAF5E5D142D0C1A00878D16 /* Debug */,
				DAAF5E5E142D0C1A00878D16 /* Release */,
			);
			defaultConfigurationIsVisible = 0;
			defaultConfigurationName = Release;
		};
		DAAF5EB6142D2CB200878D16 /* Build configuration list for PBXNativeTarget "NewDotDebugging" */ = {
			isa = XCConfigurationList;
			buildConfigurations = (
				DAAF5EB7142D2CB200878D16 /* Debug */,
				DAAF5EB8142D2CB200878D16 /* Release */,
			);
			defaultConfigurationIsVisible = 0;
			defaultConfigurationName = Release;
		};
/* End XCConfigurationList section */
	};
	rootObject = DAAF5E2C142D0C1A00878D16 /* Project object */;
}
