// !$*UTF8*$!
{
	archiveVersion = 1;
	classes = {
	};
	objectVersion = 46;
	objects = {

/* Begin PBXBuildFile section */
		DAAF5E39142D0C1A00878D16 /* Foundation.framework in Frameworks */ = {isa = PBXBuildFile; fileRef = DAAF5E38142D0C1A00878D16 /* Foundation.framework */; };
		DAAF5E3F142D0C1A00878D16 /* NewDot.m in Sources */ = {isa = PBXBuildFile; fileRef = DAAF5E3E142D0C1A00878D16 /* NewDot.m */; };
		DAAF5E47142D0C1A00878D16 /* SenTestingKit.framework in Frameworks */ = {isa = PBXBuildFile; fileRef = DAAF5E46142D0C1A00878D16 /* SenTestingKit.framework */; };
		DAAF5E49142D0C1A00878D16 /* UIKit.framework in Frameworks */ = {isa = PBXBuildFile; fileRef = DAAF5E48142D0C1A00878D16 /* UIKit.framework */; };
		DAAF5E4A142D0C1A00878D16 /* Foundation.framework in Frameworks */ = {isa = PBXBuildFile; fileRef = DAAF5E38142D0C1A00878D16 /* Foundation.framework */; };
		DAAF5E4C142D0C1A00878D16 /* CoreGraphics.framework in Frameworks */ = {isa = PBXBuildFile; fileRef = DAAF5E4B142D0C1A00878D16 /* CoreGraphics.framework */; };
		DAAF5E4F142D0C1A00878D16 /* libNewDot.a in Frameworks */ = {isa = PBXBuildFile; fileRef = DAAF5E35142D0C1A00878D16 /* libNewDot.a */; };
		DAAF5E55142D0C1A00878D16 /* InfoPlist.strings in Resources */ = {isa = PBXBuildFile; fileRef = DAAF5E53142D0C1A00878D16 /* InfoPlist.strings */; };
		DAAF5E57142D0C1A00878D16 /* NewDotTests.h in Resources */ = {isa = PBXBuildFile; fileRef = DAAF5E56142D0C1A00878D16 /* NewDotTests.h */; };
		DAAF5E59142D0C1A00878D16 /* NewDotTests.m in Sources */ = {isa = PBXBuildFile; fileRef = DAAF5E58142D0C1A00878D16 /* NewDotTests.m */; };
/* End PBXBuildFile section */

/* Begin PBXContainerItemProxy section */
		DAAF5E4D142D0C1A00878D16 /* PBXContainerItemProxy */ = {
			isa = PBXContainerItemProxy;
			containerPortal = DAAF5E2C142D0C1A00878D16 /* Project object */;
			proxyType = 1;
			remoteGlobalIDString = DAAF5E34142D0C1A00878D16;
			remoteInfo = NewDot;
		};
/* End PBXContainerItemProxy section */

/* Begin PBXFileReference section */
		DAAF5E35142D0C1A00878D16 /* libNewDot.a */ = {isa = PBXFileReference; explicitFileType = archive.ar; includeInIndex = 0; path = libNewDot.a; sourceTree = BUILT_PRODUCTS_DIR; };
		DAAF5E38142D0C1A00878D16 /* Foundation.framework */ = {isa = PBXFileReference; lastKnownFileType = wrapper.framework; name = Foundation.framework; path = System/Library/Frameworks/Foundation.framework; sourceTree = SDKROOT; };
		DAAF5E3C142D0C1A00878D16 /* NewDot-Prefix.pch */ = {isa = PBXFileReference; path = "NewDot-Prefix.pch"; sourceTree = "<group>"; };
		DAAF5E3D142D0C1A00878D16 /* NewDot.h */ = {isa = PBXFileReference; path = NewDot.h; sourceTree = "<group>"; };
		DAAF5E3E142D0C1A00878D16 /* NewDot.m */ = {isa = PBXFileReference; lastKnownFileType = sourcecode.c.objc; path = NewDot.m; sourceTree = "<group>"; };
		DAAF5E45142D0C1A00878D16 /* NewDotTests.octest */ = {isa = PBXFileReference; explicitFileType = wrapper.cfbundle; includeInIndex = 0; path = NewDotTests.octest; sourceTree = BUILT_PRODUCTS_DIR; };
		DAAF5E46142D0C1A00878D16 /* SenTestingKit.framework */ = {isa = PBXFileReference; lastKnownFileType = wrapper.framework; name = SenTestingKit.framework; path = Library/Frameworks/SenTestingKit.framework; sourceTree = DEVELOPER_DIR; };
		DAAF5E48142D0C1A00878D16 /* UIKit.framework */ = {isa = PBXFileReference; lastKnownFileType = wrapper.framework; name = UIKit.framework; path = Library/Frameworks/UIKit.framework; sourceTree = DEVELOPER_DIR; };
		DAAF5E4B142D0C1A00878D16 /* CoreGraphics.framework */ = {isa = PBXFileReference; lastKnownFileType = wrapper.framework; name = CoreGraphics.framework; path = Library/Frameworks/CoreGraphics.framework; sourceTree = DEVELOPER_DIR; };
		DAAF5E52142D0C1A00878D16 /* NewDotTests-Info.plist */ = {isa = PBXFileReference; path = "NewDotTests-Info.plist"; sourceTree = "<group>"; };
		DAAF5E54142D0C1A00878D16 /* en */ = {isa = PBXFileReference; lastKnownFileType = text.plist.strings; name = en; path = en.lproj/InfoPlist.strings; sourceTree = "<group>"; };
		DAAF5E56142D0C1A00878D16 /* NewDotTests.h */ = {isa = PBXFileReference; lastKnownFileType = sourcecode.c.h; path = NewDotTests.h; sourceTree = "<group>"; };
		DAAF5E58142D0C1A00878D16 /* NewDotTests.m */ = {isa = PBXFileReference; lastKnownFileType = sourcecode.c.objc; path = NewDotTests.m; sourceTree = "<group>"; };
/* End PBXFileReference section */

/* Begin PBXFrameworksBuildPhase section */
		DAAF5E32142D0C1A00878D16 /* Frameworks */ = {
			isa = PBXFrameworksBuildPhase;
			buildActionMask = 2147483647;
			files = (
				DAAF5E39142D0C1A00878D16 /* Foundation.framework in Frameworks */,
			);
			runOnlyForDeploymentPostprocessing = 0;
		};
		DAAF5E41142D0C1A00878D16 /* Frameworks */ = {
			isa = PBXFrameworksBuildPhase;
			buildActionMask = 2147483647;
			files = (
				DAAF5E47142D0C1A00878D16 /* SenTestingKit.framework in Frameworks */,
				DAAF5E49142D0C1A00878D16 /* UIKit.framework in Frameworks */,
				DAAF5E4A142D0C1A00878D16 /* Foundation.framework in Frameworks */,
				DAAF5E4C142D0C1A00878D16 /* CoreGraphics.framework in Frameworks */,
				DAAF5E4F142D0C1A00878D16 /* libNewDot.a in Frameworks */,
			);
			runOnlyForDeploymentPostprocessing = 0;
		};
/* End PBXFrameworksBuildPhase section */

/* Begin PBXGroup section */
		DAAF5E2A142D0C1A00878D16 = {
			isa = PBXGroup;
			children = (
				DAAF5E3A142D0C1A00878D16 /* NewDot */,
				DAAF5E50142D0C1A00878D16 /* NewDotTests */,
				DAAF5E37142D0C1A00878D16 /* Frameworks */,
				DAAF5E36142D0C1A00878D16 /* Products */,
			);
			sourceTree = "<group>";
		};
		DAAF5E36142D0C1A00878D16 /* Products */ = {
			isa = PBXGroup;
			children = (
				DAAF5E35142D0C1A00878D16 /* libNewDot.a */,
				DAAF5E45142D0C1A00878D16 /* NewDotTests.octest */,
			);
			name = Products;
			sourceTree = "<group>";
		};
		DAAF5E37142D0C1A00878D16 /* Frameworks */ = {
			isa = PBXGroup;
			children = (
				DAAF5E38142D0C1A00878D16 /* Foundation.framework */,
				DAAF5E46142D0C1A00878D16 /* SenTestingKit.framework */,
				DAAF5E48142D0C1A00878D16 /* UIKit.framework */,
				DAAF5E4B142D0C1A00878D16 /* CoreGraphics.framework */,
			);
			name = Frameworks;
			sourceTree = "<group>";
		};
		DAAF5E3A142D0C1A00878D16 /* NewDot */ = {
			isa = PBXGroup;
			children = (
				DAAF5E3D142D0C1A00878D16 /* NewDot.h */,
				DAAF5E3E142D0C1A00878D16 /* NewDot.m */,
				DAAF5E3B142D0C1A00878D16 /* Supporting Files */,
			);
			path = NewDot;
			sourceTree = "<group>";
		};
		DAAF5E3B142D0C1A00878D16 /* Supporting Files */ = {
			isa = PBXGroup;
			children = (
				DAAF5E3C142D0C1A00878D16 /* NewDot-Prefix.pch */,
			);
			name = "Supporting Files";
			sourceTree = "<group>";
		};
		DAAF5E50142D0C1A00878D16 /* NewDotTests */ = {
			isa = PBXGroup;
			children = (
				DAAF5E56142D0C1A00878D16 /* NewDotTests.h */,
				DAAF5E58142D0C1A00878D16 /* NewDotTests.m */,
				DAAF5E51142D0C1A00878D16 /* Supporting Files */,
			);
			path = NewDotTests;
			sourceTree = "<group>";
		};
		DAAF5E51142D0C1A00878D16 /* Supporting Files */ = {
			isa = PBXGroup;
			children = (
				DAAF5E52142D0C1A00878D16 /* NewDotTests-Info.plist */,
				DAAF5E53142D0C1A00878D16 /* InfoPlist.strings */,
			);
			name = "Supporting Files";
			sourceTree = "<group>";
		};
/* End PBXGroup section */

/* Begin PBXHeadersBuildPhase section */
		DAAF5E33142D0C1A00878D16 /* Headers */ = {
			isa = PBXHeadersBuildPhase;
			buildActionMask = 2147483647;
			files = (
			);
			runOnlyForDeploymentPostprocessing = 0;
		};
/* End PBXHeadersBuildPhase section */

/* Begin PBXNativeTarget section */
		DAAF5E34142D0C1A00878D16 /* NewDot */ = {
			isa = PBXNativeTarget;
			buildConfigurationList = DAAF5E5C142D0C1A00878D16 /* Build configuration list for PBXNativeTarget "NewDot" */;
			buildPhases = (
				DAAF5E31142D0C1A00878D16 /* Sources */,
				DAAF5E32142D0C1A00878D16 /* Frameworks */,
				DAAF5E33142D0C1A00878D16 /* Headers */,
			);
			buildRules = (
			);
			dependencies = (
			);
			name = NewDot;
			productName = NewDot;
			productReference = DAAF5E35142D0C1A00878D16 /* libNewDot.a */;
			productType = "com.apple.product-type.library.static";
		};
		DAAF5E44142D0C1A00878D16 /* NewDotTests */ = {
			isa = PBXNativeTarget;
			buildConfigurationList = DAAF5E5F142D0C1A00878D16 /* Build configuration list for PBXNativeTarget "NewDotTests" */;
			buildPhases = (
				DAAF5E40142D0C1A00878D16 /* Sources */,
				DAAF5E41142D0C1A00878D16 /* Frameworks */,
				DAAF5E42142D0C1A00878D16 /* Resources */,
				DAAF5E43142D0C1A00878D16 /* ShellScript */,
			);
			buildRules = (
			);
			dependencies = (
				DAAF5E4E142D0C1A00878D16 /* PBXTargetDependency */,
			);
			name = NewDotTests;
			productName = NewDotTests;
			productReference = DAAF5E45142D0C1A00878D16 /* NewDotTests.octest */;
			productType = "com.apple.product-type.bundle";
		};
/* End PBXNativeTarget section */

/* Begin PBXProject section */
		DAAF5E2C142D0C1A00878D16 /* Project object */ = {
			isa = PBXProject;
			attributes = {
				ORGANIZATIONNAME = FSDEV;
			};
			buildConfigurationList = DAAF5E2F142D0C1A00878D16 /* Build configuration list for PBXProject "NewDot" */;
			compatibilityVersion = "Xcode 3.2";
			developmentRegion = English;
			hasScannedForEncodings = 0;
			knownRegions = (
				en,
			);
			mainGroup = DAAF5E2A142D0C1A00878D16;
			productRefGroup = DAAF5E36142D0C1A00878D16 /* Products */;
			projectDirPath = "";
			projectRoot = "";
			targets = (
				DAAF5E34142D0C1A00878D16 /* NewDot */,
				DAAF5E44142D0C1A00878D16 /* NewDotTests */,
			);
		};
/* End PBXProject section */

/* Begin PBXResourcesBuildPhase section */
		DAAF5E42142D0C1A00878D16 /* Resources */ = {
			isa = PBXResourcesBuildPhase;
			buildActionMask = 2147483647;
			files = (
				DAAF5E55142D0C1A00878D16 /* InfoPlist.strings in Resources */,
				DAAF5E57142D0C1A00878D16 /* NewDotTests.h in Resources */,
			);
			runOnlyForDeploymentPostprocessing = 0;
		};
/* End PBXResourcesBuildPhase section */

/* Begin PBXShellScriptBuildPhase section */
		DAAF5E43142D0C1A00878D16 /* ShellScript */ = {
			isa = PBXShellScriptBuildPhase;
			buildActionMask = 2147483647;
			files = (
			);
			inputPaths = (
			);
			outputPaths = (
			);
			runOnlyForDeploymentPostprocessing = 0;
			shellPath = /bin/sh;
			shellScript = "# Run the unit tests in this test bundle.\n\"${SYSTEM_DEVELOPER_DIR}/Tools/RunUnitTests\"\n";
		};
/* End PBXShellScriptBuildPhase section */

/* Begin PBXSourcesBuildPhase section */
		DAAF5E31142D0C1A00878D16 /* Sources */ = {
			isa = PBXSourcesBuildPhase;
			buildActionMask = 2147483647;
			files = (
				DAAF5E3F142D0C1A00878D16 /* NewDot.m in Sources */,
			);
			runOnlyForDeploymentPostprocessing = 0;
		};
		DAAF5E40142D0C1A00878D16 /* Sources */ = {
			isa = PBXSourcesBuildPhase;
			buildActionMask = 2147483647;
			files = (
				DAAF5E59142D0C1A00878D16 /* NewDotTests.m in Sources */,
			);
			runOnlyForDeploymentPostprocessing = 0;
		};
/* End PBXSourcesBuildPhase section */

/* Begin PBXTargetDependency section */
		DAAF5E4E142D0C1A00878D16 /* PBXTargetDependency */ = {
			isa = PBXTargetDependency;
			target = DAAF5E34142D0C1A00878D16 /* NewDot */;
			targetProxy = DAAF5E4D142D0C1A00878D16 /* PBXContainerItemProxy */;
		};
/* End PBXTargetDependency section */

/* Begin PBXVariantGroup section */
		DAAF5E53142D0C1A00878D16 /* InfoPlist.strings */ = {
			isa = PBXVariantGroup;
			children = (
				DAAF5E54142D0C1A00878D16 /* en */,
			);
			name = InfoPlist.strings;
			sourceTree = "<group>";
		};
/* End PBXVariantGroup section */

/* Begin XCBuildConfiguration section */
		DAAF5E5A142D0C1A00878D16 /* Debug */ = {
			isa = XCBuildConfiguration;
			buildSettings = {
				ALWAYS_SEARCH_USER_PATHS = NO;
				ARCHS = "$(ARCHS_STANDARD_32_BIT)";
				COPY_PHASE_STRIP = NO;
				GCC_C_LANGUAGE_STANDARD = gnu99;
				GCC_DYNAMIC_NO_PIC = NO;
				GCC_OPTIMIZATION_LEVEL = 0;
				GCC_PREPROCESSOR_DEFINITIONS = (
					"DEBUG=1",
					"$(inherited)",
				);
				GCC_SYMBOLS_PRIVATE_EXTERN = NO;
				GCC_VERSION = com.apple.compilers.llvmgcc42;
				GCC_WARN_ABOUT_MISSING_PROTOTYPES = YES;
				GCC_WARN_ABOUT_RETURN_TYPE = YES;
				GCC_WARN_UNUSED_VARIABLE = YES;
				IPHONEOS_DEPLOYMENT_TARGET = 4.3;
				SDKROOT = iphoneos;
			};
			name = Debug;
		};
		DAAF5E5B142D0C1A00878D16 /* Release */ = {
			isa = XCBuildConfiguration;
			buildSettings = {
				ALWAYS_SEARCH_USER_PATHS = NO;
				ARCHS = "$(ARCHS_STANDARD_32_BIT)";
				COPY_PHASE_STRIP = YES;
				GCC_C_LANGUAGE_STANDARD = gnu99;
				GCC_VERSION = com.apple.compilers.llvmgcc42;
				GCC_WARN_ABOUT_MISSING_PROTOTYPES = YES;
				GCC_WARN_ABOUT_RETURN_TYPE = YES;
				GCC_WARN_UNUSED_VARIABLE = YES;
				IPHONEOS_DEPLOYMENT_TARGET = 4.3;
				SDKROOT = iphoneos;
				VALIDATE_PRODUCT = YES;
			};
			name = Release;
		};
		DAAF5E5D142D0C1A00878D16 /* Debug */ = {
			isa = XCBuildConfiguration;
			buildSettings = {
				DSTROOT = /tmp/NewDot.dst;
				GCC_PRECOMPILE_PREFIX_HEADER = YES;
				GCC_PREFIX_HEADER = "NewDot/NewDot-Prefix.pch";
				OTHER_LDFLAGS = "-ObjC";
				PRODUCT_NAME = "$(TARGET_NAME)";
				SKIP_INSTALL = YES;
			};
			name = Debug;
		};
		DAAF5E5E142D0C1A00878D16 /* Release */ = {
			isa = XCBuildConfiguration;
			buildSettings = {
				DSTROOT = /tmp/NewDot.dst;
				GCC_PRECOMPILE_PREFIX_HEADER = YES;
				GCC_PREFIX_HEADER = "NewDot/NewDot-Prefix.pch";
				OTHER_LDFLAGS = "-ObjC";
				PRODUCT_NAME = "$(TARGET_NAME)";
				SKIP_INSTALL = YES;
			};
			name = Release;
		};
		DAAF5E60142D0C1A00878D16 /* Debug */ = {
			isa = XCBuildConfiguration;
			buildSettings = {
				FRAMEWORK_SEARCH_PATHS = (
					"$(SDKROOT)/Developer/Library/Frameworks",
					"$(DEVELOPER_LIBRARY_DIR)/Frameworks",
				);
				GCC_PRECOMPILE_PREFIX_HEADER = YES;
				GCC_PREFIX_HEADER = "NewDot/NewDot-Prefix.pch";
				INFOPLIST_FILE = "NewDotTests/NewDotTests-Info.plist";
				PRODUCT_NAME = "$(TARGET_NAME)";
				WRAPPER_EXTENSION = octest;
			};
			name = Debug;
		};
		DAAF5E61142D0C1A00878D16 /* Release */ = {
			isa = XCBuildConfiguration;
			buildSettings = {
				FRAMEWORK_SEARCH_PATHS = (
					"$(SDKROOT)/Developer/Library/Frameworks",
					"$(DEVELOPER_LIBRARY_DIR)/Frameworks",
				);
				GCC_PRECOMPILE_PREFIX_HEADER = YES;
				GCC_PREFIX_HEADER = "NewDot/NewDot-Prefix.pch";
				INFOPLIST_FILE = "NewDotTests/NewDotTests-Info.plist";
				PRODUCT_NAME = "$(TARGET_NAME)";
				WRAPPER_EXTENSION = octest;
			};
			name = Release;
		};
/* End XCBuildConfiguration section */

/* Begin XCConfigurationList section */
		DAAF5E2F142D0C1A00878D16 /* Build configuration list for PBXProject "NewDot" */ = {
			isa = XCConfigurationList;
			buildConfigurations = (
				DAAF5E5A142D0C1A00878D16 /* Debug */,
				DAAF5E5B142D0C1A00878D16 /* Release */,
			);
			defaultConfigurationIsVisible = 0;
			defaultConfigurationName = Release;
		};
		DAAF5E5C142D0C1A00878D16 /* Build configuration list for PBXNativeTarget "NewDot" */ = {
			isa = XCConfigurationList;
			buildConfigurations = (
				DAAF5E5D142D0C1A00878D16 /* Debug */,
				DAAF5E5E142D0C1A00878D16 /* Release */,
			);
			defaultConfigurationIsVisible = 0;
		};
		DAAF5E5F142D0C1A00878D16 /* Build configuration list for PBXNativeTarget "NewDotTests" */ = {
			isa = XCConfigurationList;
			buildConfigurations = (
				DAAF5E60142D0C1A00878D16 /* Debug */,
				DAAF5E61142D0C1A00878D16 /* Release */,
			);
			defaultConfigurationIsVisible = 0;
		};
/* End XCConfigurationList section */
	};
	rootObject = DAAF5E2C142D0C1A00878D16 /* Project object */;
}
